
Microsoft Visual Studio Solution File, Format Version 12.00
# Visual Studio Version 17
VisualStudioVersion = 17.9.34622.214
MinimumVisualStudioVersion = 10.0.40219.1
Project("{FAE04EC0-301F-11D3-BF4B-00C04F79EFBC}") = "MyFirstWebApp", "MyFirstWebApp\MyFirstWebApp.csproj", "{844189E1-38FE-45D7-BFB0-113D26B2AB3A}"
EndProject
Global
	GlobalSection(SolutionConfigurationPlatforms) = preSolution
		Debug|Any CPU = Debug|Any CPU
		Release|Any CPU = Release|Any CPU
	EndGlobalSection
	GlobalSection(ProjectConfigurationPlatforms) = postSolution
		{844189E1-38FE-45D7-BFB0-113D26B2AB3A}.Debug|Any CPU.ActiveCfg = Debug|Any CPU
		{844189E1-38FE-45D7-BFB0-113D26B2AB3A}.Debug|Any CPU.Build.0 = Debug|Any CPU
		{844189E1-38FE-45D7-BFB0-113D26B2AB3A}.Release|Any CPU.ActiveCfg = Release|Any CPU
		{844189E1-38FE-45D7-BFB0-113D26B2AB3A}.Release|Any CPU.Build.0 = Release|Any CPU
	EndGlobalSection
	GlobalSection(SolutionProperties) = preSolution
		HideSolutionNode = FALSE
	EndGlobalSection
	GlobalSection(ExtensibilityGlobals) = postSolution
		SolutionGuid = {21C3903D-C850-44E2-B913-76E8064FCEA7}
	EndGlobalSection
EndGlobal
